
Microsoft Visual Studio Solution File, Format Version 12.00
# Visual Studio Version 17
VisualStudioVersion = 17.2.32630.192
MinimumVisualStudioVersion = 10.0.40219.1
Project("{FAE04EC0-301F-11D3-BF4B-00C04F79EFBC}") = "KOWmyLk.WebUI", "KOWmyLk.WebUI\KOWmyLk.WebUI.csproj", "{7C6B5E61-E192-485E-A134-BEAB4F7F18AF}"
EndProject
Global
	GlobalSection(SolutionConfigurationPlatforms) = preSolution
		Debug|Any CPU = Debug|Any CPU
		Release|Any CPU = Release|Any CPU
	EndGlobalSection
	GlobalSection(ProjectConfigurationPlatforms) = postSolution
		{7C6B5E61-E192-485E-A134-BEAB4F7F18AF}.Debug|Any CPU.ActiveCfg = Debug|Any CPU
		{7C6B5E61-E192-485E-A134-BEAB4F7F18AF}.Debug|Any CPU.Build.0 = Debug|Any CPU
		{7C6B5E61-E192-485E-A134-BEAB4F7F18AF}.Release|Any CPU.ActiveCfg = Release|Any CPU
		{7C6B5E61-E192-485E-A134-BEAB4F7F18AF}.Release|Any CPU.Build.0 = Release|Any CPU
	EndGlobalSection
	GlobalSection(SolutionProperties) = preSolution
		HideSolutionNode = FALSE
	EndGlobalSection
	GlobalSection(ExtensibilityGlobals) = postSolution
		SolutionGuid = {B7F918BF-0C1A-4506-A400-7AF4C05508DA}
	EndGlobalSection
EndGlobal
